// !$*UTF8*$!
{
	archiveVersion = 1;
	classes = {
	};
	objectVersion = 56;
	objects = {

/* Begin PBXBuildFile section */
		4E894B7D2B04F0AF0002559F /* AppDelegate.swift in Sources */ = {isa = PBXBuildFile; fileRef = 4E894B7C2B04F0AF0002559F /* AppDelegate.swift */; };
		4E894B7F2B04F0AF0002559F /* SceneDelegate.swift in Sources */ = {isa = PBXBuildFile; fileRef = 4E894B7E2B04F0AF0002559F /* SceneDelegate.swift */; };
		4E894B812B04F0AF0002559F /* VacancyListViewController.swift in Sources */ = {isa = PBXBuildFile; fileRef = 4E894B802B04F0AF0002559F /* VacancyListViewController.swift */; };
		4E894B862B04F0B00002559F /* Assets.xcassets in Resources */ = {isa = PBXBuildFile; fileRef = 4E894B852B04F0B00002559F /* Assets.xcassets */; };
		4E894B892B04F0B00002559F /* LaunchScreen.storyboard in Resources */ = {isa = PBXBuildFile; fileRef = 4E894B872B04F0B00002559F /* LaunchScreen.storyboard */; };
		4E894B9F2B06334B0002559F /* Config.swift in Sources */ = {isa = PBXBuildFile; fileRef = 4E894B9E2B06334B0002559F /* Config.swift */; };
		4E894BA12B0637C70002559F /* NetworkClient.swift in Sources */ = {isa = PBXBuildFile; fileRef = 4E894BA02B0637C70002559F /* NetworkClient.swift */; };
		4E894BA32B063B890002559F /* CustomError.swift in Sources */ = {isa = PBXBuildFile; fileRef = 4E894BA22B063B890002559F /* CustomError.swift */; };
		4E894BA52B06449A0002559F /* JsonDecodeHelper.swift in Sources */ = {isa = PBXBuildFile; fileRef = 4E894BA42B06449A0002559F /* JsonDecodeHelper.swift */; };
		4E894BA72B07955B0002559F /* VacancyList.swift in Sources */ = {isa = PBXBuildFile; fileRef = 4E894BA62B07955B0002559F /* VacancyList.swift */; };
		4E894BA92B07A0020002559F /* DetailedVacancy.swift in Sources */ = {isa = PBXBuildFile; fileRef = 4E894BA82B07A0020002559F /* DetailedVacancy.swift */; };
		4E894BAB2B07B6F50002559F /* VacancyListCell.swift in Sources */ = {isa = PBXBuildFile; fileRef = 4E894BAA2B07B6F50002559F /* VacancyListCell.swift */; };
		4E894BAD2B08D6530002559F /* VacancyListViewProtocol.swift in Sources */ = {isa = PBXBuildFile; fileRef = 4E894BAC2B08D6530002559F /* VacancyListViewProtocol.swift */; };
		4E894BAF2B08D6680002559F /* VacancyListPresenter.swift in Sources */ = {isa = PBXBuildFile; fileRef = 4E894BAE2B08D6680002559F /* VacancyListPresenter.swift */; };
		4E894BB12B08D66E0002559F /* VacancyListPresenterProtocol.swift in Sources */ = {isa = PBXBuildFile; fileRef = 4E894BB02B08D66E0002559F /* VacancyListPresenterProtocol.swift */; };
		4E894BB32B08D78D0002559F /* ModuleBuilder.swift in Sources */ = {isa = PBXBuildFile; fileRef = 4E894BB22B08D78D0002559F /* ModuleBuilder.swift */; };
		4E894BB72B08EDBA0002559F /* DetailedVacancyViewProtocol.swift in Sources */ = {isa = PBXBuildFile; fileRef = 4E894BB62B08EDBA0002559F /* DetailedVacancyViewProtocol.swift */; };
		4E894BB92B08EDCD0002559F /* DetailedVacancyViewController.swift in Sources */ = {isa = PBXBuildFile; fileRef = 4E894BB82B08EDCD0002559F /* DetailedVacancyViewController.swift */; };
		4E894BBB2B08EDDF0002559F /* DetailedVacancyPresenterProtocol.swift in Sources */ = {isa = PBXBuildFile; fileRef = 4E894BBA2B08EDDF0002559F /* DetailedVacancyPresenterProtocol.swift */; };
		4E894BBD2B08EDEB0002559F /* DetailedVacancyPresenter.swift in Sources */ = {isa = PBXBuildFile; fileRef = 4E894BBC2B08EDEB0002559F /* DetailedVacancyPresenter.swift */; };
		4E894BBF2B08F6BC0002559F /* Router.swift in Sources */ = {isa = PBXBuildFile; fileRef = 4E894BBE2B08F6BC0002559F /* Router.swift */; };
		4E894BE22B095AF30002559F /* Extension  + UIImageView.swift in Sources */ = {isa = PBXBuildFile; fileRef = 4E894BE12B095AF30002559F /* Extension  + UIImageView.swift */; };
		4E894BE42B095B230002559F /* Extension  + UISearchTextField.swift in Sources */ = {isa = PBXBuildFile; fileRef = 4E894BE32B095B230002559F /* Extension  + UISearchTextField.swift */; };
		4E894BE62B0BBD500002559F /* Extension + String.swift in Sources */ = {isa = PBXBuildFile; fileRef = 4E894BE52B0BBD500002559F /* Extension + String.swift */; };
/* End PBXBuildFile section */

/* Begin PBXFileReference section */
		4E894B792B04F0AF0002559F /* HeadHunter.app */ = {isa = PBXFileReference; explicitFileType = wrapper.application; includeInIndex = 0; path = HeadHunter.app; sourceTree = BUILT_PRODUCTS_DIR; };
		4E894B7C2B04F0AF0002559F /* AppDelegate.swift */ = {isa = PBXFileReference; lastKnownFileType = sourcecode.swift; path = AppDelegate.swift; sourceTree = "<group>"; };
		4E894B7E2B04F0AF0002559F /* SceneDelegate.swift */ = {isa = PBXFileReference; lastKnownFileType = sourcecode.swift; path = SceneDelegate.swift; sourceTree = "<group>"; };
		4E894B802B04F0AF0002559F /* VacancyListViewController.swift */ = {isa = PBXFileReference; lastKnownFileType = sourcecode.swift; path = VacancyListViewController.swift; sourceTree = "<group>"; };
		4E894B852B04F0B00002559F /* Assets.xcassets */ = {isa = PBXFileReference; lastKnownFileType = folder.assetcatalog; path = Assets.xcassets; sourceTree = "<group>"; };
		4E894B882B04F0B00002559F /* Base */ = {isa = PBXFileReference; lastKnownFileType = file.storyboard; name = Base; path = Base.lproj/LaunchScreen.storyboard; sourceTree = "<group>"; };
		4E894B8A2B04F0B00002559F /* Info.plist */ = {isa = PBXFileReference; lastKnownFileType = text.plist.xml; path = Info.plist; sourceTree = "<group>"; };
		4E894B9E2B06334B0002559F /* Config.swift */ = {isa = PBXFileReference; lastKnownFileType = sourcecode.swift; path = Config.swift; sourceTree = "<group>"; };
		4E894BA02B0637C70002559F /* NetworkClient.swift */ = {isa = PBXFileReference; lastKnownFileType = sourcecode.swift; path = NetworkClient.swift; sourceTree = "<group>"; };
		4E894BA22B063B890002559F /* CustomError.swift */ = {isa = PBXFileReference; lastKnownFileType = sourcecode.swift; path = CustomError.swift; sourceTree = "<group>"; };
		4E894BA42B06449A0002559F /* JsonDecodeHelper.swift */ = {isa = PBXFileReference; lastKnownFileType = sourcecode.swift; path = JsonDecodeHelper.swift; sourceTree = "<group>"; };
		4E894BA62B07955B0002559F /* VacancyList.swift */ = {isa = PBXFileReference; lastKnownFileType = sourcecode.swift; path = VacancyList.swift; sourceTree = "<group>"; };
		4E894BA82B07A0020002559F /* DetailedVacancy.swift */ = {isa = PBXFileReference; lastKnownFileType = sourcecode.swift; path = DetailedVacancy.swift; sourceTree = "<group>"; };
		4E894BAA2B07B6F50002559F /* VacancyListCell.swift */ = {isa = PBXFileReference; lastKnownFileType = sourcecode.swift; path = VacancyListCell.swift; sourceTree = "<group>"; };
		4E894BAC2B08D6530002559F /* VacancyListViewProtocol.swift */ = {isa = PBXFileReference; lastKnownFileType = sourcecode.swift; path = VacancyListViewProtocol.swift; sourceTree = "<group>"; };
		4E894BAE2B08D6680002559F /* VacancyListPresenter.swift */ = {isa = PBXFileReference; lastKnownFileType = sourcecode.swift; path = VacancyListPresenter.swift; sourceTree = "<group>"; };
		4E894BB02B08D66E0002559F /* VacancyListPresenterProtocol.swift */ = {isa = PBXFileReference; lastKnownFileType = sourcecode.swift; path = VacancyListPresenterProtocol.swift; sourceTree = "<group>"; };
		4E894BB22B08D78D0002559F /* ModuleBuilder.swift */ = {isa = PBXFileReference; lastKnownFileType = sourcecode.swift; path = ModuleBuilder.swift; sourceTree = "<group>"; };
		4E894BB62B08EDBA0002559F /* DetailedVacancyViewProtocol.swift */ = {isa = PBXFileReference; lastKnownFileType = sourcecode.swift; path = DetailedVacancyViewProtocol.swift; sourceTree = "<group>"; };
		4E894BB82B08EDCD0002559F /* DetailedVacancyViewController.swift */ = {isa = PBXFileReference; lastKnownFileType = sourcecode.swift; path = DetailedVacancyViewController.swift; sourceTree = "<group>"; };
		4E894BBA2B08EDDF0002559F /* DetailedVacancyPresenterProtocol.swift */ = {isa = PBXFileReference; lastKnownFileType = sourcecode.swift; path = DetailedVacancyPresenterProtocol.swift; sourceTree = "<group>"; };
		4E894BBC2B08EDEB0002559F /* DetailedVacancyPresenter.swift */ = {isa = PBXFileReference; lastKnownFileType = sourcecode.swift; path = DetailedVacancyPresenter.swift; sourceTree = "<group>"; };
		4E894BBE2B08F6BC0002559F /* Router.swift */ = {isa = PBXFileReference; lastKnownFileType = sourcecode.swift; path = Router.swift; sourceTree = "<group>"; };
		4E894BE12B095AF30002559F /* Extension  + UIImageView.swift */ = {isa = PBXFileReference; lastKnownFileType = sourcecode.swift; path = "Extension  + UIImageView.swift"; sourceTree = "<group>"; };
		4E894BE32B095B230002559F /* Extension  + UISearchTextField.swift */ = {isa = PBXFileReference; lastKnownFileType = sourcecode.swift; path = "Extension  + UISearchTextField.swift"; sourceTree = "<group>"; };
		4E894BE52B0BBD500002559F /* Extension + String.swift */ = {isa = PBXFileReference; lastKnownFileType = sourcecode.swift; path = "Extension + String.swift"; sourceTree = "<group>"; };
/* End PBXFileReference section */

/* Begin PBXFrameworksBuildPhase section */
		4E894B762B04F0AF0002559F /* Frameworks */ = {
			isa = PBXFrameworksBuildPhase;
			buildActionMask = 2147483647;
			files = (
			);
			runOnlyForDeploymentPostprocessing = 0;
		};
/* End PBXFrameworksBuildPhase section */

/* Begin PBXGroup section */
		4E894B702B04F0AF0002559F = {
			isa = PBXGroup;
			children = (
				4E894B7B2B04F0AF0002559F /* HeadHunter */,
				4E894B7A2B04F0AF0002559F /* Products */,
			);
			sourceTree = "<group>";
		};
		4E894B7A2B04F0AF0002559F /* Products */ = {
			isa = PBXGroup;
			children = (
				4E894B792B04F0AF0002559F /* HeadHunter.app */,
			);
			name = Products;
			sourceTree = "<group>";
		};
		4E894B7B2B04F0AF0002559F /* HeadHunter */ = {
			isa = PBXGroup;
			children = (
				4E894B902B04F8230002559F /* ApplicationLayer */,
				4E894BE02B095AAC0002559F /* Extensions */,
				4E894B932B04F89D0002559F /* Models */,
				4E894B912B04F83B0002559F /* PresentationLayer */,
				4E894B922B04F84A0002559F /* Services */,
				4E894B9C2B04FB670002559F /* Resources */,
			);
			path = HeadHunter;
			sourceTree = "<group>";
		};
		4E894B902B04F8230002559F /* ApplicationLayer */ = {
			isa = PBXGroup;
			children = (
				4E894B7C2B04F0AF0002559F /* AppDelegate.swift */,
				4E894B7E2B04F0AF0002559F /* SceneDelegate.swift */,
				4E894B8A2B04F0B00002559F /* Info.plist */,
			);
			path = ApplicationLayer;
			sourceTree = "<group>";
		};
		4E894B912B04F83B0002559F /* PresentationLayer */ = {
			isa = PBXGroup;
			children = (
				4E894B942B04F8FE0002559F /* UserStories */,
				4E894B952B04F9030002559F /* Views */,
				4E894B872B04F0B00002559F /* LaunchScreen.storyboard */,
			);
			path = PresentationLayer;
			sourceTree = "<group>";
		};
		4E894B922B04F84A0002559F /* Services */ = {
			isa = PBXGroup;
			children = (
				4E894B9D2B0632E20002559F /* NetworkService */,
			);
			path = Services;
			sourceTree = "<group>";
		};
		4E894B932B04F89D0002559F /* Models */ = {
			isa = PBXGroup;
			children = (
				4E894BA62B07955B0002559F /* VacancyList.swift */,
				4E894BA82B07A0020002559F /* DetailedVacancy.swift */,
			);
			path = Models;
			sourceTree = "<group>";
		};
		4E894B942B04F8FE0002559F /* UserStories */ = {
			isa = PBXGroup;
			children = (
				4E894BB22B08D78D0002559F /* ModuleBuilder.swift */,
				4E894BBE2B08F6BC0002559F /* Router.swift */,
				4E894B962B04F9C90002559F /* VacancyList */,
				4E894B972B04FA0B0002559F /* DetailedVacancy */,
			);
			path = UserStories;
			sourceTree = "<group>";
		};
		4E894B952B04F9030002559F /* Views */ = {
			isa = PBXGroup;
			children = (
				4E894BAA2B07B6F50002559F /* VacancyListCell.swift */,
			);
			path = Views;
			sourceTree = "<group>";
		};
		4E894B962B04F9C90002559F /* VacancyList */ = {
			isa = PBXGroup;
			children = (
				4E894B982B04FA8D0002559F /* View */,
				4E894B992B04FA960002559F /* Presenter */,
			);
			path = VacancyList;
			sourceTree = "<group>";
		};
		4E894B972B04FA0B0002559F /* DetailedVacancy */ = {
			isa = PBXGroup;
			children = (
				4E894B9B2B04FAB00002559F /* View */,
				4E894B9A2B04FAA90002559F /* Presenter */,
			);
			path = DetailedVacancy;
			sourceTree = "<group>";
		};
		4E894B982B04FA8D0002559F /* View */ = {
			isa = PBXGroup;
			children = (
				4E894BAC2B08D6530002559F /* VacancyListViewProtocol.swift */,
				4E894B802B04F0AF0002559F /* VacancyListViewController.swift */,
			);
			path = View;
			sourceTree = "<group>";
		};
		4E894B992B04FA960002559F /* Presenter */ = {
			isa = PBXGroup;
			children = (
				4E894BB02B08D66E0002559F /* VacancyListPresenterProtocol.swift */,
				4E894BAE2B08D6680002559F /* VacancyListPresenter.swift */,
			);
			path = Presenter;
			sourceTree = "<group>";
		};
		4E894B9A2B04FAA90002559F /* Presenter */ = {
			isa = PBXGroup;
			children = (
				4E894BBA2B08EDDF0002559F /* DetailedVacancyPresenterProtocol.swift */,
				4E894BBC2B08EDEB0002559F /* DetailedVacancyPresenter.swift */,
			);
			path = Presenter;
			sourceTree = "<group>";
		};
		4E894B9B2B04FAB00002559F /* View */ = {
			isa = PBXGroup;
			children = (
				4E894BB62B08EDBA0002559F /* DetailedVacancyViewProtocol.swift */,
				4E894BB82B08EDCD0002559F /* DetailedVacancyViewController.swift */,
			);
			path = View;
			sourceTree = "<group>";
		};
		4E894B9C2B04FB670002559F /* Resources */ = {
			isa = PBXGroup;
			children = (
				4E894B852B04F0B00002559F /* Assets.xcassets */,
			);
			path = Resources;
			sourceTree = "<group>";
		};
		4E894B9D2B0632E20002559F /* NetworkService */ = {
			isa = PBXGroup;
			children = (
				4E894BA02B0637C70002559F /* NetworkClient.swift */,
				4E894B9E2B06334B0002559F /* Config.swift */,
				4E894BA22B063B890002559F /* CustomError.swift */,
				4E894BA42B06449A0002559F /* JsonDecodeHelper.swift */,
			);
			path = NetworkService;
			sourceTree = "<group>";
		};
		4E894BE02B095AAC0002559F /* Extensions */ = {
			isa = PBXGroup;
			children = (
				4E894BE12B095AF30002559F /* Extension  + UIImageView.swift */,
				4E894BE32B095B230002559F /* Extension  + UISearchTextField.swift */,
				4E894BE52B0BBD500002559F /* Extension + String.swift */,
			);
			path = Extensions;
			sourceTree = "<group>";
		};
/* End PBXGroup section */

/* Begin PBXNativeTarget section */
		4E894B782B04F0AF0002559F /* HeadHunter */ = {
			isa = PBXNativeTarget;
			buildConfigurationList = 4E894B8D2B04F0B00002559F /* Build configuration list for PBXNativeTarget "HeadHunter" */;
			buildPhases = (
				4E894B752B04F0AF0002559F /* Sources */,
				4E894B762B04F0AF0002559F /* Frameworks */,
				4E894B772B04F0AF0002559F /* Resources */,
			);
			buildRules = (
			);
			dependencies = (
			);
			name = HeadHunter;
			productName = HeadHunter;
			productReference = 4E894B792B04F0AF0002559F /* HeadHunter.app */;
			productType = "com.apple.product-type.application";
		};
/* End PBXNativeTarget section */

/* Begin PBXProject section */
		4E894B712B04F0AF0002559F /* Project object */ = {
			isa = PBXProject;
			attributes = {
				BuildIndependentTargetsInParallel = 1;
				LastSwiftUpdateCheck = 1410;
				LastUpgradeCheck = 1410;
				TargetAttributes = {
					4E894B782B04F0AF0002559F = {
						CreatedOnToolsVersion = 14.1;
					};
				};
			};
			buildConfigurationList = 4E894B742B04F0AF0002559F /* Build configuration list for PBXProject "HeadHunter" */;
			compatibilityVersion = "Xcode 14.0";
			developmentRegion = en;
			hasScannedForEncodings = 0;
			knownRegions = (
				en,
				Base,
			);
			mainGroup = 4E894B702B04F0AF0002559F;
			productRefGroup = 4E894B7A2B04F0AF0002559F /* Products */;
			projectDirPath = "";
			projectRoot = "";
			targets = (
				4E894B782B04F0AF0002559F /* HeadHunter */,
			);
		};
/* End PBXProject section */

/* Begin PBXResourcesBuildPhase section */
		4E894B772B04F0AF0002559F /* Resources */ = {
			isa = PBXResourcesBuildPhase;
			buildActionMask = 2147483647;
			files = (
				4E894B892B04F0B00002559F /* LaunchScreen.storyboard in Resources */,
				4E894B862B04F0B00002559F /* Assets.xcassets in Resources */,
			);
			runOnlyForDeploymentPostprocessing = 0;
		};
/* End PBXResourcesBuildPhase section */

/* Begin PBXSourcesBuildPhase section */
		4E894B752B04F0AF0002559F /* Sources */ = {
			isa = PBXSourcesBuildPhase;
			buildActionMask = 2147483647;
			files = (
				4E894B812B04F0AF0002559F /* VacancyListViewController.swift in Sources */,
				4E894BA12B0637C70002559F /* NetworkClient.swift in Sources */,
				4E894B9F2B06334B0002559F /* Config.swift in Sources */,
				4E894BB12B08D66E0002559F /* VacancyListPresenterProtocol.swift in Sources */,
				4E894BAB2B07B6F50002559F /* VacancyListCell.swift in Sources */,
				4E894BA52B06449A0002559F /* JsonDecodeHelper.swift in Sources */,
				4E894BBF2B08F6BC0002559F /* Router.swift in Sources */,
				4E894BAD2B08D6530002559F /* VacancyListViewProtocol.swift in Sources */,
				4E894B7D2B04F0AF0002559F /* AppDelegate.swift in Sources */,
				4E894BBD2B08EDEB0002559F /* DetailedVacancyPresenter.swift in Sources */,
				4E894BA72B07955B0002559F /* VacancyList.swift in Sources */,
				4E894BA92B07A0020002559F /* DetailedVacancy.swift in Sources */,
				4E894B7F2B04F0AF0002559F /* SceneDelegate.swift in Sources */,
				4E894BB32B08D78D0002559F /* ModuleBuilder.swift in Sources */,
				4E894BE62B0BBD500002559F /* Extension + String.swift in Sources */,
				4E894BAF2B08D6680002559F /* VacancyListPresenter.swift in Sources */,
				4E894BBB2B08EDDF0002559F /* DetailedVacancyPresenterProtocol.swift in Sources */,
				4E894BB72B08EDBA0002559F /* DetailedVacancyViewProtocol.swift in Sources */,
				4E894BE42B095B230002559F /* Extension  + UISearchTextField.swift in Sources */,
				4E894BE22B095AF30002559F /* Extension  + UIImageView.swift in Sources */,
				4E894BB92B08EDCD0002559F /* DetailedVacancyViewController.swift in Sources */,
				4E894BA32B063B890002559F /* CustomError.swift in Sources */,
			);
			runOnlyForDeploymentPostprocessing = 0;
		};
/* End PBXSourcesBuildPhase section */

/* Begin PBXVariantGroup section */
		4E894B872B04F0B00002559F /* LaunchScreen.storyboard */ = {
			isa = PBXVariantGroup;
			children = (
				4E894B882B04F0B00002559F /* Base */,
			);
			name = LaunchScreen.storyboard;
			sourceTree = "<group>";
		};
/* End PBXVariantGroup section */

/* Begin XCBuildConfiguration section */
		4E894B8B2B04F0B00002559F /* Debug */ = {
			isa = XCBuildConfiguration;
			buildSettings = {
				ALWAYS_SEARCH_USER_PATHS = NO;
				CLANG_ANALYZER_NONNULL = YES;
				CLANG_ANALYZER_NUMBER_OBJECT_CONVERSION = YES_AGGRESSIVE;
				CLANG_CXX_LANGUAGE_STANDARD = "gnu++20";
				CLANG_ENABLE_MODULES = YES;
				CLANG_ENABLE_OBJC_ARC = YES;
				CLANG_ENABLE_OBJC_WEAK = YES;
				CLANG_WARN_BLOCK_CAPTURE_AUTORELEASING = YES;
				CLANG_WARN_BOOL_CONVERSION = YES;
				CLANG_WARN_COMMA = YES;
				CLANG_WARN_CONSTANT_CONVERSION = YES;
				CLANG_WARN_DEPRECATED_OBJC_IMPLEMENTATIONS = YES;
				CLANG_WARN_DIRECT_OBJC_ISA_USAGE = YES_ERROR;
				CLANG_WARN_DOCUMENTATION_COMMENTS = YES;
				CLANG_WARN_EMPTY_BODY = YES;
				CLANG_WARN_ENUM_CONVERSION = YES;
				CLANG_WARN_INFINITE_RECURSION = YES;
				CLANG_WARN_INT_CONVERSION = YES;
				CLANG_WARN_NON_LITERAL_NULL_CONVERSION = YES;
				CLANG_WARN_OBJC_IMPLICIT_RETAIN_SELF = YES;
				CLANG_WARN_OBJC_LITERAL_CONVERSION = YES;
				CLANG_WARN_OBJC_ROOT_CLASS = YES_ERROR;
				CLANG_WARN_QUOTED_INCLUDE_IN_FRAMEWORK_HEADER = YES;
				CLANG_WARN_RANGE_LOOP_ANALYSIS = YES;
				CLANG_WARN_STRICT_PROTOTYPES = YES;
				CLANG_WARN_SUSPICIOUS_MOVE = YES;
				CLANG_WARN_UNGUARDED_AVAILABILITY = YES_AGGRESSIVE;
				CLANG_WARN_UNREACHABLE_CODE = YES;
				CLANG_WARN__DUPLICATE_METHOD_MATCH = YES;
				COPY_PHASE_STRIP = NO;
				DEBUG_INFORMATION_FORMAT = dwarf;
				ENABLE_STRICT_OBJC_MSGSEND = YES;
				ENABLE_TESTABILITY = YES;
				GCC_C_LANGUAGE_STANDARD = gnu11;
				GCC_DYNAMIC_NO_PIC = NO;
				GCC_NO_COMMON_BLOCKS = YES;
				GCC_OPTIMIZATION_LEVEL = 0;
				GCC_PREPROCESSOR_DEFINITIONS = (
					"DEBUG=1",
					"$(inherited)",
				);
				GCC_WARN_64_TO_32_BIT_CONVERSION = YES;
				GCC_WARN_ABOUT_RETURN_TYPE = YES_ERROR;
				GCC_WARN_UNDECLARED_SELECTOR = YES;
				GCC_WARN_UNINITIALIZED_AUTOS = YES_AGGRESSIVE;
				GCC_WARN_UNUSED_FUNCTION = YES;
				GCC_WARN_UNUSED_VARIABLE = YES;
				IPHONEOS_DEPLOYMENT_TARGET = 16.1;
				MTL_ENABLE_DEBUG_INFO = INCLUDE_SOURCE;
				MTL_FAST_MATH = YES;
				ONLY_ACTIVE_ARCH = YES;
				SDKROOT = iphoneos;
				SWIFT_ACTIVE_COMPILATION_CONDITIONS = DEBUG;
				SWIFT_OPTIMIZATION_LEVEL = "-Onone";
			};
			name = Debug;
		};
		4E894B8C2B04F0B00002559F /* Release */ = {
			isa = XCBuildConfiguration;
			buildSettings = {
				ALWAYS_SEARCH_USER_PATHS = NO;
				CLANG_ANALYZER_NONNULL = YES;
				CLANG_ANALYZER_NUMBER_OBJECT_CONVERSION = YES_AGGRESSIVE;
				CLANG_CXX_LANGUAGE_STANDARD = "gnu++20";
				CLANG_ENABLE_MODULES = YES;
				CLANG_ENABLE_OBJC_ARC = YES;
				CLANG_ENABLE_OBJC_WEAK = YES;
				CLANG_WARN_BLOCK_CAPTURE_AUTORELEASING = YES;
				CLANG_WARN_BOOL_CONVERSION = YES;
				CLANG_WARN_COMMA = YES;
				CLANG_WARN_CONSTANT_CONVERSION = YES;
				CLANG_WARN_DEPRECATED_OBJC_IMPLEMENTATIONS = YES;
				CLANG_WARN_DIRECT_OBJC_ISA_USAGE = YES_ERROR;
				CLANG_WARN_DOCUMENTATION_COMMENTS = YES;
				CLANG_WARN_EMPTY_BODY = YES;
				CLANG_WARN_ENUM_CONVERSION = YES;
				CLANG_WARN_INFINITE_RECURSION = YES;
				CLANG_WARN_INT_CONVERSION = YES;
				CLANG_WARN_NON_LITERAL_NULL_CONVERSION = YES;
				CLANG_WARN_OBJC_IMPLICIT_RETAIN_SELF = YES;
				CLANG_WARN_OBJC_LITERAL_CONVERSION = YES;
				CLANG_WARN_OBJC_ROOT_CLASS = YES_ERROR;
				CLANG_WARN_QUOTED_INCLUDE_IN_FRAMEWORK_HEADER = YES;
				CLANG_WARN_RANGE_LOOP_ANALYSIS = YES;
				CLANG_WARN_STRICT_PROTOTYPES = YES;
				CLANG_WARN_SUSPICIOUS_MOVE = YES;
				CLANG_WARN_UNGUARDED_AVAILABILITY = YES_AGGRESSIVE;
				CLANG_WARN_UNREACHABLE_CODE = YES;
				CLANG_WARN__DUPLICATE_METHOD_MATCH = YES;
				COPY_PHASE_STRIP = NO;
				DEBUG_INFORMATION_FORMAT = "dwarf-with-dsym";
				ENABLE_NS_ASSERTIONS = NO;
				ENABLE_STRICT_OBJC_MSGSEND = YES;
				GCC_C_LANGUAGE_STANDARD = gnu11;
				GCC_NO_COMMON_BLOCKS = YES;
				GCC_WARN_64_TO_32_BIT_CONVERSION = YES;
				GCC_WARN_ABOUT_RETURN_TYPE = YES_ERROR;
				GCC_WARN_UNDECLARED_SELECTOR = YES;
				GCC_WARN_UNINITIALIZED_AUTOS = YES_AGGRESSIVE;
				GCC_WARN_UNUSED_FUNCTION = YES;
				GCC_WARN_UNUSED_VARIABLE = YES;
				IPHONEOS_DEPLOYMENT_TARGET = 16.1;
				MTL_ENABLE_DEBUG_INFO = NO;
				MTL_FAST_MATH = YES;
				SDKROOT = iphoneos;
				SWIFT_COMPILATION_MODE = wholemodule;
				SWIFT_OPTIMIZATION_LEVEL = "-O";
				VALIDATE_PRODUCT = YES;
			};
			name = Release;
		};
		4E894B8E2B04F0B00002559F /* Debug */ = {
			isa = XCBuildConfiguration;
			buildSettings = {
				ASSETCATALOG_COMPILER_APPICON_NAME = AppIcon;
				ASSETCATALOG_COMPILER_GLOBAL_ACCENT_COLOR_NAME = AccentColor;
				CODE_SIGN_STYLE = Automatic;
				CURRENT_PROJECT_VERSION = 1;
				DEVELOPMENT_TEAM = UNMAYVRLD7;
				GENERATE_INFOPLIST_FILE = YES;
				INFOPLIST_FILE = HeadHunter/ApplicationLayer/Info.plist;
				INFOPLIST_KEY_UIApplicationSupportsIndirectInputEvents = YES;
				INFOPLIST_KEY_UILaunchStoryboardName = LaunchScreen;
				INFOPLIST_KEY_UISupportedInterfaceOrientations = UIInterfaceOrientationPortrait;
				INFOPLIST_KEY_UISupportedInterfaceOrientations_iPad = "UIInterfaceOrientationLandscapeLeft UIInterfaceOrientationLandscapeRight UIInterfaceOrientationPortrait UIInterfaceOrientationPortraitUpsideDown";
				IPHONEOS_DEPLOYMENT_TARGET = 14.0;
				LD_RUNPATH_SEARCH_PATHS = (
					"$(inherited)",
					"@executable_path/Frameworks",
				);
				MARKETING_VERSION = 1.0;
				PRODUCT_BUNDLE_IDENTIFIER = ru.RomanKozlovsky.HeadHunter;
				PRODUCT_NAME = "$(TARGET_NAME)";
				SUPPORTED_PLATFORMS = "iphoneos iphonesimulator";
				SUPPORTS_MACCATALYST = NO;
				SUPPORTS_MAC_DESIGNED_FOR_IPHONE_IPAD = NO;
				SWIFT_EMIT_LOC_STRINGS = YES;
				SWIFT_VERSION = 5.0;
				TARGETED_DEVICE_FAMILY = 1;
			};
			name = Debug;
		};
		4E894B8F2B04F0B00002559F /* Release */ = {
			isa = XCBuildConfiguration;
			buildSettings = {
				ASSETCATALOG_COMPILER_APPICON_NAME = AppIcon;
				ASSETCATALOG_COMPILER_GLOBAL_ACCENT_COLOR_NAME = AccentColor;
				CODE_SIGN_STYLE = Automatic;
				CURRENT_PROJECT_VERSION = 1;
				DEVELOPMENT_TEAM = UNMAYVRLD7;
				GENERATE_INFOPLIST_FILE = YES;
				INFOPLIST_FILE = HeadHunter/ApplicationLayer/Info.plist;
				INFOPLIST_KEY_UIApplicationSupportsIndirectInputEvents = YES;
				INFOPLIST_KEY_UILaunchStoryboardName = LaunchScreen;
				INFOPLIST_KEY_UISupportedInterfaceOrientations = UIInterfaceOrientationPortrait;
				INFOPLIST_KEY_UISupportedInterfaceOrientations_iPad = "UIInterfaceOrientationLandscapeLeft UIInterfaceOrientationLandscapeRight UIInterfaceOrientationPortrait UIInterfaceOrientationPortraitUpsideDown";
				IPHONEOS_DEPLOYMENT_TARGET = 14.0;
				LD_RUNPATH_SEARCH_PATHS = (
					"$(inherited)",
					"@executable_path/Frameworks",
				);
				MARKETING_VERSION = 1.0;
				PRODUCT_BUNDLE_IDENTIFIER = ru.RomanKozlovsky.HeadHunter;
				PRODUCT_NAME = "$(TARGET_NAME)";
				SUPPORTED_PLATFORMS = "iphoneos iphonesimulator";
				SUPPORTS_MACCATALYST = NO;
				SUPPORTS_MAC_DESIGNED_FOR_IPHONE_IPAD = NO;
				SWIFT_EMIT_LOC_STRINGS = YES;
				SWIFT_VERSION = 5.0;
				TARGETED_DEVICE_FAMILY = 1;
			};
			name = Release;
		};
/* End XCBuildConfiguration section */

/* Begin XCConfigurationList section */
		4E894B742B04F0AF0002559F /* Build configuration list for PBXProject "HeadHunter" */ = {
			isa = XCConfigurationList;
			buildConfigurations = (
				4E894B8B2B04F0B00002559F /* Debug */,
				4E894B8C2B04F0B00002559F /* Release */,
			);
			defaultConfigurationIsVisible = 0;
			defaultConfigurationName = Release;
		};
		4E894B8D2B04F0B00002559F /* Build configuration list for PBXNativeTarget "HeadHunter" */ = {
			isa = XCConfigurationList;
			buildConfigurations = (
				4E894B8E2B04F0B00002559F /* Debug */,
				4E894B8F2B04F0B00002559F /* Release */,
			);
			defaultConfigurationIsVisible = 0;
			defaultConfigurationName = Release;
		};
/* End XCConfigurationList section */
	};
	rootObject = 4E894B712B04F0AF0002559F /* Project object */;
}
